<?xml version="1.0" encoding="utf-8"?>
<Project ToolsVersion="4.0" xmlns="http://schemas.microsoft.com/developer/msbuild/2003">
  <ItemGroup>
    <ClCompile Include="src\main.c" />
    <ClCompile Include="src\glad.c" />
    <ClCompile Include="src\shaders.c" />
    <ClCompile Include="src\mc_gl.c" />
    <ClCompile Include="src\camera.c" />
  </ItemGroup>
  <ItemGroup>
    <ClInclude Include="include\unistd.h" />
    <ClInclude Include="include\mc_gl.h" />
    <ClInclude Include="include\shaders.h" />
    <ClInclude Include="include\stb_image.h" />
    <ClInclude Include="include\camera.h" />
  </ItemGroup>
  <ItemGroup>
    <None Include="shaders\basic.vert" />
    <None Include="shaders\basic.frag" />
    <None Include="shaders\test.frag" />
    <None Include="shaders\test.vert" />
  </ItemGroup>
  <ItemGroup>
    <Image Include="images\dejavu.jpg" />
    <Image Include="images\eternaforest.jpg" />
  </ItemGroup>
</Project>